
Microsoft Visual Studio Solution File, Format Version 12.00
# Visual Studio 15
VisualStudioVersion = 15.0.28307.136
MinimumVisualStudioVersion = 10.0.40219.1
Project("{FAE04EC0-301F-11D3-BF4B-00C04F79EFBC}") = "Application avec base de donnée", "Application avec base de donnée\Application avec base de donnée.csproj", "{9FB79B9A-C8E5-44B5-B942-33FC4F93A7CC}"
EndProject
Global
	GlobalSection(SolutionConfigurationPlatforms) = preSolution
		Debug|Any CPU = Debug|Any CPU
		Release|Any CPU = Release|Any CPU
	EndGlobalSection
	GlobalSection(ProjectConfigurationPlatforms) = postSolution
		{9FB79B9A-C8E5-44B5-B942-33FC4F93A7CC}.Debug|Any CPU.ActiveCfg = Debug|Any CPU
		{9FB79B9A-C8E5-44B5-B942-33FC4F93A7CC}.Debug|Any CPU.Build.0 = Debug|Any CPU
		{9FB79B9A-C8E5-44B5-B942-33FC4F93A7CC}.Release|Any CPU.ActiveCfg = Release|Any CPU
		{9FB79B9A-C8E5-44B5-B942-33FC4F93A7CC}.Release|Any CPU.Build.0 = Release|Any CPU
	EndGlobalSection
	GlobalSection(SolutionProperties) = preSolution
		HideSolutionNode = FALSE
	EndGlobalSection
	GlobalSection(ExtensibilityGlobals) = postSolution
		SolutionGuid = {42627B13-582C-4EF7-AE54-3C56B9935007}
	EndGlobalSection
EndGlobal
